
Microsoft Visual Studio Solution File, Format Version 12.00
# Visual Studio 15
VisualStudioVersion = 15.0.27004.2002
MinimumVisualStudioVersion = 10.0.40219.1
Project("{FAE04EC0-301F-11D3-BF4B-00C04F79EFBC}") = "OstatecznyprogramPUM", "OstatecznyprogramPUM\OstatecznyprogramPUM.csproj", "{FA33392E-1830-460B-92DC-1CA158BB11C5}"
EndProject
Global
	GlobalSection(SolutionConfigurationPlatforms) = preSolution
		Debug|Any CPU = Debug|Any CPU
		Release|Any CPU = Release|Any CPU
	EndGlobalSection
	GlobalSection(ProjectConfigurationPlatforms) = postSolution
		{FA33392E-1830-460B-92DC-1CA158BB11C5}.Debug|Any CPU.ActiveCfg = Debug|Any CPU
		{FA33392E-1830-460B-92DC-1CA158BB11C5}.Debug|Any CPU.Build.0 = Debug|Any CPU
		{FA33392E-1830-460B-92DC-1CA158BB11C5}.Release|Any CPU.ActiveCfg = Release|Any CPU
		{FA33392E-1830-460B-92DC-1CA158BB11C5}.Release|Any CPU.Build.0 = Release|Any CPU
	EndGlobalSection
	GlobalSection(SolutionProperties) = preSolution
		HideSolutionNode = FALSE
	EndGlobalSection
	GlobalSection(ExtensibilityGlobals) = postSolution
		SolutionGuid = {249BA40F-04A2-4767-8AB2-EB8AE6725F55}
	EndGlobalSection
EndGlobal
